
Microsoft Visual Studio Solution File, Format Version 12.00
# Visual Studio 14
VisualStudioVersion = 14.0.25420.1
MinimumVisualStudioVersion = 10.0.40219.1
Project("{2150E333-8FDC-42A3-9474-1A3956D46DE8}") = "创建型", "创建型", "{54D37303-A9AA-409E-B7A1-A7D85D183A10}"
	ProjectSection(SolutionItems) = preProject
		创建型模式比较.txt = 创建型模式比较.txt
	EndProjectSection
EndProject
Project("{2150E333-8FDC-42A3-9474-1A3956D46DE8}") = "行为型", "行为型", "{2DF22ED1-5F37-4869-94E4-C1A922FA2334}"
	ProjectSection(SolutionItems) = preProject
		行为型模式比较.txt = 行为型模式比较.txt
	EndProjectSection
EndProject
Project("{2150E333-8FDC-42A3-9474-1A3956D46DE8}") = "结构型", "结构型", "{8683B9B0-A03D-4646-AC29-CC5523F10F5F}"
	ProjectSection(SolutionItems) = preProject
		结构型模式比较.txt = 结构型模式比较.txt
	EndProjectSection
EndProject
Project("{FAE04EC0-301F-11D3-BF4B-00C04F79EFBC}") = "FactoryMethod", "FactoryMethod\FactoryMethod.csproj", "{FC03D725-6030-4EF9-B890-4A9901E37E02}"
EndProject
Project("{FAE04EC0-301F-11D3-BF4B-00C04F79EFBC}") = "AbstractFactory", "AbstractFactory\AbstractFactory.csproj", "{73470B4B-6EA4-4B19-90EC-3B515F699851}"
EndProject
Project("{FAE04EC0-301F-11D3-BF4B-00C04F79EFBC}") = "Builder", "Builder\Builder.csproj", "{CC8D4FD7-654B-4A73-BF27-3444FDD1A435}"
EndProject
Project("{FAE04EC0-301F-11D3-BF4B-00C04F79EFBC}") = "Prototype", "Prototype\Prototype.csproj", "{4267F4A5-3C87-47A8-B1DD-644DBA7F8E7B}"
EndProject
Project("{FAE04EC0-301F-11D3-BF4B-00C04F79EFBC}") = "Singleton", "Singleton\Singleton.csproj", "{33C68C21-D29C-40EC-9C39-5BCBE223604F}"
EndProject
Project("{FAE04EC0-301F-11D3-BF4B-00C04F79EFBC}") = "Bridge", "Bridge\Bridge.csproj", "{A19D9379-DAE0-48A3-9D9A-741877693E8D}"
EndProject
Project("{FAE04EC0-301F-11D3-BF4B-00C04F79EFBC}") = "Composite", "Composite\Composite.csproj", "{8A055974-3467-47E6-B3EB-99FF05FF1817}"
EndProject
Project("{FAE04EC0-301F-11D3-BF4B-00C04F79EFBC}") = "Decorator", "Decorator\Decorator.csproj", "{51952F93-8E1E-4959-BCAA-6C0481BE6A5E}"
EndProject
Project("{FAE04EC0-301F-11D3-BF4B-00C04F79EFBC}") = "Facade", "Facade\Facade.csproj", "{01D3E4CB-16B7-4603-B602-F9404509A788}"
EndProject
Project("{FAE04EC0-301F-11D3-BF4B-00C04F79EFBC}") = "Flyweight", "Flyweight\Flyweight.csproj", "{1A553DA5-094C-46F8-9BC9-0426EC923DEE}"
EndProject
Project("{FAE04EC0-301F-11D3-BF4B-00C04F79EFBC}") = "Proxy", "Proxy\Proxy.csproj", "{BB9CEF32-2527-44DC-8EF1-7715E85B2D46}"
EndProject
Project("{FAE04EC0-301F-11D3-BF4B-00C04F79EFBC}") = "Interpreter", "Interpreter\Interpreter.csproj", "{E779D6F5-5B90-408F-A480-868308474DF0}"
EndProject
Project("{FAE04EC0-301F-11D3-BF4B-00C04F79EFBC}") = "TemplateMethod", "TemplateMethod\TemplateMethod.csproj", "{7B919A12-36B9-42DE-87F9-0B6E0763C37D}"
EndProject
Project("{FAE04EC0-301F-11D3-BF4B-00C04F79EFBC}") = "Command", "Command\Command.csproj", "{2B77B57B-10C1-4F1B-B28C-A2CBD418CC73}"
EndProject
Project("{FAE04EC0-301F-11D3-BF4B-00C04F79EFBC}") = "Iterator", "Iterator\Iterator.csproj", "{CB4F5BFE-03E2-4313-B2B6-C265DC3BA5BF}"
EndProject
Project("{FAE04EC0-301F-11D3-BF4B-00C04F79EFBC}") = "Mediator", "Mediator\Mediator.csproj", "{234578F5-4271-4252-875A-7605CA47CDF1}"
EndProject
Project("{FAE04EC0-301F-11D3-BF4B-00C04F79EFBC}") = "Memento", "Memento\Memento.csproj", "{EB2F8B0B-ACEA-4018-B316-7111C471D6AA}"
EndProject
Project("{FAE04EC0-301F-11D3-BF4B-00C04F79EFBC}") = "Observer", "Observer\Observer.csproj", "{9CC03C14-D834-421F-AC8B-826B36E98C4D}"
EndProject
Project("{FAE04EC0-301F-11D3-BF4B-00C04F79EFBC}") = "State", "State\State.csproj", "{173F2473-07BF-43A6-8747-5D03FE1A7D05}"
EndProject
Project("{FAE04EC0-301F-11D3-BF4B-00C04F79EFBC}") = "Strategy", "Strategy\Strategy.csproj", "{DA3A6791-472D-414B-9DAE-F08D13BE22F2}"
EndProject
Project("{FAE04EC0-301F-11D3-BF4B-00C04F79EFBC}") = "Visitor", "Visitor\Visitor.csproj", "{1AB34946-C627-4061-B76A-1C4849C2AD43}"
EndProject
Project("{F088123C-0E9E-452A-89E6-6BA2F21D5CAC}") = "设计模式UML类图", "DesignPattern.ClassView\设计模式UML类图.modelproj", "{AD4637A1-0D8D-4CAB-8895-A34C7BF9F71B}"
EndProject
Project("{FAE04EC0-301F-11D3-BF4B-00C04F79EFBC}") = "SimpleFactory", "SimpleFactory\SimpleFactory.csproj", "{0356561E-1CE6-4C8E-ABC3-EE4BE3875C58}"
EndProject
Project("{2150E333-8FDC-42A3-9474-1A3956D46DE8}") = "解决方案项目", "解决方案项目", "{CD6E0BA8-DE1B-4D92-BA17-21BEFF8BD082}"
	ProjectSection(SolutionItems) = preProject
		常用设计模式.txt = 常用设计模式.txt
		设计模式六大原则.txt = 设计模式六大原则.txt
	EndProjectSection
EndProject
Project("{FAE04EC0-301F-11D3-BF4B-00C04F79EFBC}") = "Adapter", "Adapter\Adapter.csproj", "{E0458E38-140F-4DEA-9BC2-EA1415D7E57C}"
EndProject
Project("{FAE04EC0-301F-11D3-BF4B-00C04F79EFBC}") = "Chain of Responsibility", "Chain of Responsibility\Chain of Responsibility.csproj", "{1FDE7503-CB51-4B9F-8448-2A3FED250055}"
EndProject
Global
	GlobalSection(SolutionConfigurationPlatforms) = preSolution
		Debug|Any CPU = Debug|Any CPU
		Release|Any CPU = Release|Any CPU
	EndGlobalSection
	GlobalSection(ProjectConfigurationPlatforms) = postSolution
		{FC03D725-6030-4EF9-B890-4A9901E37E02}.Debug|Any CPU.ActiveCfg = Debug|Any CPU
		{FC03D725-6030-4EF9-B890-4A9901E37E02}.Debug|Any CPU.Build.0 = Debug|Any CPU
		{FC03D725-6030-4EF9-B890-4A9901E37E02}.Release|Any CPU.ActiveCfg = Release|Any CPU
		{FC03D725-6030-4EF9-B890-4A9901E37E02}.Release|Any CPU.Build.0 = Release|Any CPU
		{73470B4B-6EA4-4B19-90EC-3B515F699851}.Debug|Any CPU.ActiveCfg = Debug|Any CPU
		{73470B4B-6EA4-4B19-90EC-3B515F699851}.Debug|Any CPU.Build.0 = Debug|Any CPU
		{73470B4B-6EA4-4B19-90EC-3B515F699851}.Release|Any CPU.ActiveCfg = Release|Any CPU
		{73470B4B-6EA4-4B19-90EC-3B515F699851}.Release|Any CPU.Build.0 = Release|Any CPU
		{CC8D4FD7-654B-4A73-BF27-3444FDD1A435}.Debug|Any CPU.ActiveCfg = Debug|Any CPU
		{CC8D4FD7-654B-4A73-BF27-3444FDD1A435}.Debug|Any CPU.Build.0 = Debug|Any CPU
		{CC8D4FD7-654B-4A73-BF27-3444FDD1A435}.Release|Any CPU.ActiveCfg = Release|Any CPU
		{CC8D4FD7-654B-4A73-BF27-3444FDD1A435}.Release|Any CPU.Build.0 = Release|Any CPU
		{4267F4A5-3C87-47A8-B1DD-644DBA7F8E7B}.Debug|Any CPU.ActiveCfg = Debug|Any CPU
		{4267F4A5-3C87-47A8-B1DD-644DBA7F8E7B}.Debug|Any CPU.Build.0 = Debug|Any CPU
		{4267F4A5-3C87-47A8-B1DD-644DBA7F8E7B}.Release|Any CPU.ActiveCfg = Release|Any CPU
		{4267F4A5-3C87-47A8-B1DD-644DBA7F8E7B}.Release|Any CPU.Build.0 = Release|Any CPU
		{33C68C21-D29C-40EC-9C39-5BCBE223604F}.Debug|Any CPU.ActiveCfg = Debug|Any CPU
		{33C68C21-D29C-40EC-9C39-5BCBE223604F}.Debug|Any CPU.Build.0 = Debug|Any CPU
		{33C68C21-D29C-40EC-9C39-5BCBE223604F}.Release|Any CPU.ActiveCfg = Release|Any CPU
		{33C68C21-D29C-40EC-9C39-5BCBE223604F}.Release|Any CPU.Build.0 = Release|Any CPU
		{A19D9379-DAE0-48A3-9D9A-741877693E8D}.Debug|Any CPU.ActiveCfg = Debug|Any CPU
		{A19D9379-DAE0-48A3-9D9A-741877693E8D}.Debug|Any CPU.Build.0 = Debug|Any CPU
		{A19D9379-DAE0-48A3-9D9A-741877693E8D}.Release|Any CPU.ActiveCfg = Release|Any CPU
		{A19D9379-DAE0-48A3-9D9A-741877693E8D}.Release|Any CPU.Build.0 = Release|Any CPU
		{8A055974-3467-47E6-B3EB-99FF05FF1817}.Debug|Any CPU.ActiveCfg = Debug|Any CPU
		{8A055974-3467-47E6-B3EB-99FF05FF1817}.Debug|Any CPU.Build.0 = Debug|Any CPU
		{8A055974-3467-47E6-B3EB-99FF05FF1817}.Release|Any CPU.ActiveCfg = Release|Any CPU
		{8A055974-3467-47E6-B3EB-99FF05FF1817}.Release|Any CPU.Build.0 = Release|Any CPU
		{51952F93-8E1E-4959-BCAA-6C0481BE6A5E}.Debug|Any CPU.ActiveCfg = Debug|Any CPU
		{51952F93-8E1E-4959-BCAA-6C0481BE6A5E}.Debug|Any CPU.Build.0 = Debug|Any CPU
		{51952F93-8E1E-4959-BCAA-6C0481BE6A5E}.Release|Any CPU.ActiveCfg = Release|Any CPU
		{51952F93-8E1E-4959-BCAA-6C0481BE6A5E}.Release|Any CPU.Build.0 = Release|Any CPU
		{01D3E4CB-16B7-4603-B602-F9404509A788}.Debug|Any CPU.ActiveCfg = Debug|Any CPU
		{01D3E4CB-16B7-4603-B602-F9404509A788}.Debug|Any CPU.Build.0 = Debug|Any CPU
		{01D3E4CB-16B7-4603-B602-F9404509A788}.Release|Any CPU.ActiveCfg = Release|Any CPU
		{01D3E4CB-16B7-4603-B602-F9404509A788}.Release|Any CPU.Build.0 = Release|Any CPU
		{1A553DA5-094C-46F8-9BC9-0426EC923DEE}.Debug|Any CPU.ActiveCfg = Debug|Any CPU
		{1A553DA5-094C-46F8-9BC9-0426EC923DEE}.Debug|Any CPU.Build.0 = Debug|Any CPU
		{1A553DA5-094C-46F8-9BC9-0426EC923DEE}.Release|Any CPU.ActiveCfg = Release|Any CPU
		{1A553DA5-094C-46F8-9BC9-0426EC923DEE}.Release|Any CPU.Build.0 = Release|Any CPU
		{BB9CEF32-2527-44DC-8EF1-7715E85B2D46}.Debug|Any CPU.ActiveCfg = Debug|Any CPU
		{BB9CEF32-2527-44DC-8EF1-7715E85B2D46}.Debug|Any CPU.Build.0 = Debug|Any CPU
		{BB9CEF32-2527-44DC-8EF1-7715E85B2D46}.Release|Any CPU.ActiveCfg = Release|Any CPU
		{BB9CEF32-2527-44DC-8EF1-7715E85B2D46}.Release|Any CPU.Build.0 = Release|Any CPU
		{E779D6F5-5B90-408F-A480-868308474DF0}.Debug|Any CPU.ActiveCfg = Debug|Any CPU
		{E779D6F5-5B90-408F-A480-868308474DF0}.Debug|Any CPU.Build.0 = Debug|Any CPU
		{E779D6F5-5B90-408F-A480-868308474DF0}.Release|Any CPU.ActiveCfg = Release|Any CPU
		{E779D6F5-5B90-408F-A480-868308474DF0}.Release|Any CPU.Build.0 = Release|Any CPU
		{7B919A12-36B9-42DE-87F9-0B6E0763C37D}.Debug|Any CPU.ActiveCfg = Debug|Any CPU
		{7B919A12-36B9-42DE-87F9-0B6E0763C37D}.Debug|Any CPU.Build.0 = Debug|Any CPU
		{7B919A12-36B9-42DE-87F9-0B6E0763C37D}.Release|Any CPU.ActiveCfg = Release|Any CPU
		{7B919A12-36B9-42DE-87F9-0B6E0763C37D}.Release|Any CPU.Build.0 = Release|Any CPU
		{2B77B57B-10C1-4F1B-B28C-A2CBD418CC73}.Debug|Any CPU.ActiveCfg = Debug|Any CPU
		{2B77B57B-10C1-4F1B-B28C-A2CBD418CC73}.Debug|Any CPU.Build.0 = Debug|Any CPU
		{2B77B57B-10C1-4F1B-B28C-A2CBD418CC73}.Release|Any CPU.ActiveCfg = Release|Any CPU
		{2B77B57B-10C1-4F1B-B28C-A2CBD418CC73}.Release|Any CPU.Build.0 = Release|Any CPU
		{CB4F5BFE-03E2-4313-B2B6-C265DC3BA5BF}.Debug|Any CPU.ActiveCfg = Debug|Any CPU
		{CB4F5BFE-03E2-4313-B2B6-C265DC3BA5BF}.Debug|Any CPU.Build.0 = Debug|Any CPU
		{CB4F5BFE-03E2-4313-B2B6-C265DC3BA5BF}.Release|Any CPU.ActiveCfg = Release|Any CPU
		{CB4F5BFE-03E2-4313-B2B6-C265DC3BA5BF}.Release|Any CPU.Build.0 = Release|Any CPU
		{234578F5-4271-4252-875A-7605CA47CDF1}.Debug|Any CPU.ActiveCfg = Debug|Any CPU
		{234578F5-4271-4252-875A-7605CA47CDF1}.Debug|Any CPU.Build.0 = Debug|Any CPU
		{234578F5-4271-4252-875A-7605CA47CDF1}.Release|Any CPU.ActiveCfg = Release|Any CPU
		{234578F5-4271-4252-875A-7605CA47CDF1}.Release|Any CPU.Build.0 = Release|Any CPU
		{EB2F8B0B-ACEA-4018-B316-7111C471D6AA}.Debug|Any CPU.ActiveCfg = Debug|Any CPU
		{EB2F8B0B-ACEA-4018-B316-7111C471D6AA}.Debug|Any CPU.Build.0 = Debug|Any CPU
		{EB2F8B0B-ACEA-4018-B316-7111C471D6AA}.Release|Any CPU.ActiveCfg = Release|Any CPU
		{EB2F8B0B-ACEA-4018-B316-7111C471D6AA}.Release|Any CPU.Build.0 = Release|Any CPU
		{9CC03C14-D834-421F-AC8B-826B36E98C4D}.Debug|Any CPU.ActiveCfg = Debug|Any CPU
		{9CC03C14-D834-421F-AC8B-826B36E98C4D}.Debug|Any CPU.Build.0 = Debug|Any CPU
		{9CC03C14-D834-421F-AC8B-826B36E98C4D}.Release|Any CPU.ActiveCfg = Release|Any CPU
		{9CC03C14-D834-421F-AC8B-826B36E98C4D}.Release|Any CPU.Build.0 = Release|Any CPU
		{173F2473-07BF-43A6-8747-5D03FE1A7D05}.Debug|Any CPU.ActiveCfg = Debug|Any CPU
		{173F2473-07BF-43A6-8747-5D03FE1A7D05}.Debug|Any CPU.Build.0 = Debug|Any CPU
		{173F2473-07BF-43A6-8747-5D03FE1A7D05}.Release|Any CPU.ActiveCfg = Release|Any CPU
		{173F2473-07BF-43A6-8747-5D03FE1A7D05}.Release|Any CPU.Build.0 = Release|Any CPU
		{DA3A6791-472D-414B-9DAE-F08D13BE22F2}.Debug|Any CPU.ActiveCfg = Debug|Any CPU
		{DA3A6791-472D-414B-9DAE-F08D13BE22F2}.Debug|Any CPU.Build.0 = Debug|Any CPU
		{DA3A6791-472D-414B-9DAE-F08D13BE22F2}.Release|Any CPU.ActiveCfg = Release|Any CPU
		{DA3A6791-472D-414B-9DAE-F08D13BE22F2}.Release|Any CPU.Build.0 = Release|Any CPU
		{1AB34946-C627-4061-B76A-1C4849C2AD43}.Debug|Any CPU.ActiveCfg = Debug|Any CPU
		{1AB34946-C627-4061-B76A-1C4849C2AD43}.Debug|Any CPU.Build.0 = Debug|Any CPU
		{1AB34946-C627-4061-B76A-1C4849C2AD43}.Release|Any CPU.ActiveCfg = Release|Any CPU
		{1AB34946-C627-4061-B76A-1C4849C2AD43}.Release|Any CPU.Build.0 = Release|Any CPU
		{AD4637A1-0D8D-4CAB-8895-A34C7BF9F71B}.Debug|Any CPU.ActiveCfg = Debug|Any CPU
		{AD4637A1-0D8D-4CAB-8895-A34C7BF9F71B}.Debug|Any CPU.Build.0 = Debug|Any CPU
		{AD4637A1-0D8D-4CAB-8895-A34C7BF9F71B}.Release|Any CPU.ActiveCfg = Release|Any CPU
		{AD4637A1-0D8D-4CAB-8895-A34C7BF9F71B}.Release|Any CPU.Build.0 = Release|Any CPU
		{0356561E-1CE6-4C8E-ABC3-EE4BE3875C58}.Debug|Any CPU.ActiveCfg = Debug|Any CPU
		{0356561E-1CE6-4C8E-ABC3-EE4BE3875C58}.Debug|Any CPU.Build.0 = Debug|Any CPU
		{0356561E-1CE6-4C8E-ABC3-EE4BE3875C58}.Release|Any CPU.ActiveCfg = Release|Any CPU
		{0356561E-1CE6-4C8E-ABC3-EE4BE3875C58}.Release|Any CPU.Build.0 = Release|Any CPU
		{E0458E38-140F-4DEA-9BC2-EA1415D7E57C}.Debug|Any CPU.ActiveCfg = Debug|Any CPU
		{E0458E38-140F-4DEA-9BC2-EA1415D7E57C}.Debug|Any CPU.Build.0 = Debug|Any CPU
		{E0458E38-140F-4DEA-9BC2-EA1415D7E57C}.Release|Any CPU.ActiveCfg = Release|Any CPU
		{E0458E38-140F-4DEA-9BC2-EA1415D7E57C}.Release|Any CPU.Build.0 = Release|Any CPU
		{1FDE7503-CB51-4B9F-8448-2A3FED250055}.Debug|Any CPU.ActiveCfg = Debug|Any CPU
		{1FDE7503-CB51-4B9F-8448-2A3FED250055}.Debug|Any CPU.Build.0 = Debug|Any CPU
		{1FDE7503-CB51-4B9F-8448-2A3FED250055}.Release|Any CPU.ActiveCfg = Release|Any CPU
		{1FDE7503-CB51-4B9F-8448-2A3FED250055}.Release|Any CPU.Build.0 = Release|Any CPU
	EndGlobalSection
	GlobalSection(SolutionProperties) = preSolution
		HideSolutionNode = FALSE
	EndGlobalSection
	GlobalSection(NestedProjects) = preSolution
		{FC03D725-6030-4EF9-B890-4A9901E37E02} = {54D37303-A9AA-409E-B7A1-A7D85D183A10}
		{73470B4B-6EA4-4B19-90EC-3B515F699851} = {54D37303-A9AA-409E-B7A1-A7D85D183A10}
		{CC8D4FD7-654B-4A73-BF27-3444FDD1A435} = {54D37303-A9AA-409E-B7A1-A7D85D183A10}
		{4267F4A5-3C87-47A8-B1DD-644DBA7F8E7B} = {54D37303-A9AA-409E-B7A1-A7D85D183A10}
		{33C68C21-D29C-40EC-9C39-5BCBE223604F} = {54D37303-A9AA-409E-B7A1-A7D85D183A10}
		{A19D9379-DAE0-48A3-9D9A-741877693E8D} = {8683B9B0-A03D-4646-AC29-CC5523F10F5F}
		{8A055974-3467-47E6-B3EB-99FF05FF1817} = {8683B9B0-A03D-4646-AC29-CC5523F10F5F}
		{51952F93-8E1E-4959-BCAA-6C0481BE6A5E} = {8683B9B0-A03D-4646-AC29-CC5523F10F5F}
		{01D3E4CB-16B7-4603-B602-F9404509A788} = {8683B9B0-A03D-4646-AC29-CC5523F10F5F}
		{1A553DA5-094C-46F8-9BC9-0426EC923DEE} = {8683B9B0-A03D-4646-AC29-CC5523F10F5F}
		{BB9CEF32-2527-44DC-8EF1-7715E85B2D46} = {8683B9B0-A03D-4646-AC29-CC5523F10F5F}
		{E779D6F5-5B90-408F-A480-868308474DF0} = {2DF22ED1-5F37-4869-94E4-C1A922FA2334}
		{7B919A12-36B9-42DE-87F9-0B6E0763C37D} = {2DF22ED1-5F37-4869-94E4-C1A922FA2334}
		{2B77B57B-10C1-4F1B-B28C-A2CBD418CC73} = {2DF22ED1-5F37-4869-94E4-C1A922FA2334}
		{CB4F5BFE-03E2-4313-B2B6-C265DC3BA5BF} = {2DF22ED1-5F37-4869-94E4-C1A922FA2334}
		{234578F5-4271-4252-875A-7605CA47CDF1} = {2DF22ED1-5F37-4869-94E4-C1A922FA2334}
		{EB2F8B0B-ACEA-4018-B316-7111C471D6AA} = {2DF22ED1-5F37-4869-94E4-C1A922FA2334}
		{9CC03C14-D834-421F-AC8B-826B36E98C4D} = {2DF22ED1-5F37-4869-94E4-C1A922FA2334}
		{173F2473-07BF-43A6-8747-5D03FE1A7D05} = {2DF22ED1-5F37-4869-94E4-C1A922FA2334}
		{DA3A6791-472D-414B-9DAE-F08D13BE22F2} = {2DF22ED1-5F37-4869-94E4-C1A922FA2334}
		{1AB34946-C627-4061-B76A-1C4849C2AD43} = {2DF22ED1-5F37-4869-94E4-C1A922FA2334}
		{0356561E-1CE6-4C8E-ABC3-EE4BE3875C58} = {54D37303-A9AA-409E-B7A1-A7D85D183A10}
		{E0458E38-140F-4DEA-9BC2-EA1415D7E57C} = {8683B9B0-A03D-4646-AC29-CC5523F10F5F}
		{1FDE7503-CB51-4B9F-8448-2A3FED250055} = {2DF22ED1-5F37-4869-94E4-C1A922FA2334}
	EndGlobalSection
EndGlobal
